
Microsoft Visual Studio Solution File, Format Version 12.00
# Visual Studio Version 17
VisualStudioVersion = 17.1.32228.430
MinimumVisualStudioVersion = 10.0.40219.1
Project("{FAE04EC0-301F-11D3-BF4B-00C04F79EFBC}") = "Task_20_Array", "Task_20_Array.csproj", "{303D8E1A-C4B7-47BF-8248-BA932E994C44}"
EndProject
Global
	GlobalSection(SolutionConfigurationPlatforms) = preSolution
		Debug|Any CPU = Debug|Any CPU
		Release|Any CPU = Release|Any CPU
	EndGlobalSection
	GlobalSection(ProjectConfigurationPlatforms) = postSolution
		{303D8E1A-C4B7-47BF-8248-BA932E994C44}.Debug|Any CPU.ActiveCfg = Debug|Any CPU
		{303D8E1A-C4B7-47BF-8248-BA932E994C44}.Debug|Any CPU.Build.0 = Debug|Any CPU
		{303D8E1A-C4B7-47BF-8248-BA932E994C44}.Release|Any CPU.ActiveCfg = Release|Any CPU
		{303D8E1A-C4B7-47BF-8248-BA932E994C44}.Release|Any CPU.Build.0 = Release|Any CPU
	EndGlobalSection
	GlobalSection(SolutionProperties) = preSolution
		HideSolutionNode = FALSE
	EndGlobalSection
	GlobalSection(ExtensibilityGlobals) = postSolution
		SolutionGuid = {77487496-B26A-48F7-9493-EC68669847FB}
	EndGlobalSection
EndGlobal
